{
  "name": "claude",
  "version": "1.0.0",
  "lockfileVersion": 3,
  "requires": true,
  "packages": {
    "": {
      "name": "claude",
      "version": "1.0.0",
      "license": "ISC",
      "dependencies": {
        "@remotion/gif": "^4.0.522",
        "@remotion/transitions": "^4.0.522",
        "react": "^19.2.8",
        "react-dom": "^19.2.8",
        "remotion": "^4.0.522"
      },
      "devDependencies": {
        "@types/node": "^22.20.1",
        "@types/react": "^18.3.31",
        "@types/react-dom": "^18.3.7",
        "typescript": "^5.9.3"
      }
    },
    "node_modules/@remotion/gif": {
      "version": "4.0.522",
      "resolved": "https://registry.npmjs.org/@remotion/gif/-/gif-4.0.522.tgz",
      "integrity": "sha512-LUOx0jLIuT/RjebqZhIuwFVIu1UcD8LtNKg77lwLxcePnL7RiAwzT895jBEC8eo8hYPZWpi/e4dbzHmD/KfQbA==",
      "license": "SEE LICENSE IN LICENSE.md",
      "dependencies": {
        "remotion": "4.0.522"
      },
      "peerDependencies": {
        "react": ">=16.8.0",
        "react-dom": ">=16.8.0"
      }
    },
    "node_modules/@remotion/paths": {
      "version": "4.0.522",
      "resolved": "https://registry.npmjs.org/@remotion/paths/-/paths-4.0.522.tgz",
      "integrity": "sha512-G8Nsc5QvKP8rlHF7duxPQB2RbJBIa4Pi0vzhNic9HrSrWZ1y335zZWe66WgSYCHY8CJTGfvs8zmmM6AvRaRW8g==",
      "license": "MIT"
    },
    "node_modules/@remotion/shapes": {
      "version": "4.0.522",
      "resolved": "https://registry.npmjs.org/@remotion/shapes/-/shapes-4.0.522.tgz",
      "integrity": "sha512-WdD3HB6zgGjZHo0cOOQ5K/pyYgeN54IqMdtfvyk6UaS5Is/sYiAqwNjGJKIh8kCIwFiygGNtaicDBoyfylZvAg==",
      "license": "MIT",
      "dependencies": {
        "@remotion/paths": "4.0.522",
        "remotion": "4.0.522"
      },
      "peerDependencies": {
        "react": ">=16.8.0",
        "react-dom": ">=16.8.0"
      }
    },
    "node_modules/@remotion/transitions": {
      "version": "4.0.522",
      "resolved": "https://registry.npmjs.org/@remotion/transitions/-/transitions-4.0.522.tgz",
      "integrity": "sha512-UyBTvDhSCJJNcH6sLurm5sx5qEs5js6r7gXt2WzBN8864S5BOJUX+GnvyotZuQFbc60zdKDtqfFAfAWwfYLRmA==",
      "license": "UNLICENSED",
      "dependencies": {
        "@remotion/paths": "4.0.522",
        "@remotion/shapes": "4.0.522",
        "remotion": "4.0.522"
      },
      "peerDependencies": {
        "react": ">=16.8.0",
        "react-dom": ">=16.8.0"
      }
    },
    "node_modules/@types/node": {
      "version": "22.20.1",
      "resolved": "https://registry.npmjs.org/@types/node/-/node-22.20.1.tgz",
      "integrity": "sha512-EANqOCF9QFyra+4pfxUcX9STKJpCLjMbObVzljIJomAWSnuSIEAvyzEU53GaajbXJEgdh0iEcPL+DGvpUd4k1Q==",
      "dev": true,
      "license": "MIT",
      "dependencies": {
        "undici-types": "~6.21.0"
      }
    },
    "node_modules/@types/prop-types": {
      "version": "15.7.15",
      "resolved": "https://registry.npmjs.org/@types/prop-types/-/prop-types-15.7.15.tgz",
      "integrity": "sha512-F6bEyamV9jKGAFBEmlQnesRPGOQqS2+Uwi0Em15xenOxHaf2hv6L8YCVn3rPdPJOiJfPiCnLIRyvwVaqMY3MIw==",
      "dev": true,
      "license": "MIT"
    },
    "node_modules/@types/react": {
      "version": "18.3.31",
      "resolved": "https://registry.npmjs.org/@types/react/-/react-18.3.31.tgz",
      "integrity": "sha512-vfEqpXTvwT91yhmwdfouStN2hSKwTvyRs8qpLfADyrq/kxDw0hZM7Wk9Ug1FELj8hIby+S/+kQCSRFF32nv2Qw==",
      "dev": true,
      "license": "MIT",
      "dependencies": {
        "@types/prop-types": "*",
        "csstype": "^3.2.2"
      }
    },
    "node_modules/@types/react-dom": {
      "version": "18.3.7",
      "resolved": "https://registry.npmjs.org/@types/react-dom/-/react-dom-18.3.7.tgz",
      "integrity": "sha512-MEe3UeoENYVFXzoXEWsvcpg6ZvlrFNlOQ7EOsvhI3CfAXwzPfO8Qwuxd40nepsYKqyyVQnTdEfv68q91yLcKrQ==",
      "dev": true,
      "license": "MIT",
      "peerDependencies": {
        "@types/react": "^18.0.0"
      }
    },
    "node_modules/csstype": {
      "version": "3.2.3",
      "resolved": "https://registry.npmjs.org/csstype/-/csstype-3.2.3.tgz",
      "integrity": "sha512-z1HGKcYy2xA8AGQfwrn0PAy+PB7X/GSj3UVJW9qKyn43xWa+gl5nXmU4qqLMRzWVLFC8KusUX8T/0kCiOYpAIQ==",
      "dev": true,
      "license": "MIT"
    },
    "node_modules/react": {
      "version": "19.2.8",
      "resolved": "https://registry.npmjs.org/react/-/react-19.2.8.tgz",
      "integrity": "sha512-PWaYA1L/q9u2u7xYQi+Y3L3Yfnie7XyLeaJICV1MGD6LprsBxcAqGjYyr0eY3p+QdsA+x/Irkt4Qif8D63+Sbw==",
      "license": "MIT",
      "engines": {
        "node": ">=0.10.0"
      }
    },
    "node_modules/react-dom": {
      "version": "19.2.8",
      "resolved": "https://registry.npmjs.org/react-dom/-/react-dom-19.2.8.tgz",
      "integrity": "sha512-rVprimfGBG3DR+Tq0IQG2DT5PxKth1WIGDmj5yPmlzr4YBe7uyE+Du4oVqTDXZSHGGGXRtTJEGSSePyQCMBglQ==",
      "license": "MIT",
      "dependencies": {
        "scheduler": "^0.27.0"
      },
      "peerDependencies": {
        "react": "^19.2.8"
      }
    },
    "node_modules/remotion": {
      "version": "4.0.522",
      "resolved": "https://registry.npmjs.org/remotion/-/remotion-4.0.522.tgz",
      "integrity": "sha512-f80OmFU4xUE2iTj/kcFSmb63+p5jbYXJ31qUEy/yQKZYKoVW2gMvAwDSDvUjsJKSRehfe5TG+EvHvZ+UGog1Jg==",
      "license": "SEE LICENSE IN LICENSE.md",
      "peerDependencies": {
        "react": ">=16.8.0",
        "react-dom": ">=16.8.0"
      }
    },
    "node_modules/scheduler": {
      "version": "0.27.0",
      "resolved": "https://registry.npmjs.org/scheduler/-/scheduler-0.27.0.tgz",
      "integrity": "sha512-eNv+WrVbKu1f3vbYJT/xtiF5syA5HPIMtf9IgY/nKg0sWqzAUEvqY/xm7OcZc/qafLx/iO9FgOmeSAp4v5ti/Q==",
      "license": "MIT"
    },
    "node_modules/typescript": {
      "version": "5.9.3",
      "resolved": "https://registry.npmjs.org/typescript/-/typescript-5.9.3.tgz",
      "integrity": "sha512-jl1vZzPDinLr9eUt3J/t7V6FgNEw9QjvBPdysz9KfQDD41fQrC2Y4vKQdiaUpFT4bXlb1RHhLpp8wtm6M5TgSw==",
      "dev": true,
      "license": "Apache-2.0",
      "bin": {
        "tsc": "bin/tsc",
        "tsserver": "bin/tsserver"
      },
      "engines": {
        "node": ">=14.17"
      }
    },
    "node_modules/undici-types": {
      "version": "6.21.0",
      "resolved": "https://registry.npmjs.org/undici-types/-/undici-types-6.21.0.tgz",
      "integrity": "sha512-iwDZqg0QAGrg9Rav5H4n0M64c3mkR59cJ6wQp+7C4nI0gsmExaedaYLNO44eT4AtBBwjbTiGPMlt2Md0T9H9JQ==",
      "dev": true,
      "license": "MIT"
    }
  }
}
